{
  "originHash" : "643c1bce42befa4468792334b4a9bd22c3d788a87cbb20b9c15a00d1e9eb0c6c",
  "pins" : [
    {
      "identity" : "googlemobileadsmediationfyber",
      "kind" : "remoteSourceControl",
      "location" : "https://github.com/AnyMindG/GoogleMobileAdsMediationFyber.git",
      "state" : {
        "revision" : "f24f809c79466c1faabedbb47c4fc03d4a95eabc",
        "version" : "1.2.0"
      }
    },
    {
      "identity" : "googlemobileadsmediationinmobi",
      "kind" : "remoteSourceControl",
      "location" : "https://github.com/AnyMindG/GoogleMobileAdsMediationInMobi.git",
      "state" : {
        "revision" : "487a1885c0a3034769a3d7737f170c8ec9dc00d9",
        "version" : "1.2.0"
      }
    },
    {
      "identity" : "iasdkcore",
      "kind" : "remoteSourceControl",
      "location" : "https://github.com/AnyMindG/IASDKCore.git",
      "state" : {
        "revision" : "cdaecf050a6b13e2f76e30adbac8889b44d3634a",
        "version" : "1.2.0"
      }
    },
    {
      "identity" : "inmobiadsdk",
      "kind" : "remoteSourceControl",
      "location" : "https://github.com/AnyMindG/InMobiAdSDK.git",
      "state" : {
        "revision" : "46276486eb4285a57cf397297a95eed55af4fc0d",
        "version" : "1.1.0"
      }
    },
    {
      "identity" : "swift-package-manager-google-mobile-ads",
      "kind" : "remoteSourceControl",
      "location" : "https://github.com/googleads/swift-package-manager-google-mobile-ads.git",
      "state" : {
        "revision" : "7778cc1ab037c10dbbe026959e51e616bd961be9",
        "version" : "11.13.0"
      }
    },
    {
      "identity" : "swift-package-manager-google-user-messaging-platform",
      "kind" : "remoteSourceControl",
      "location" : "https://github.com/googleads/swift-package-manager-google-user-messaging-platform.git",
      "state" : {
        "revision" : "708a282840c2171ee63bd93b87afa49fe507d70e",
        "version" : "2.7.0"
      }
    }
  ],
  "version" : 3
}
