{
  "originHash" : "63bd16bf5626553445c5329eb0e4484db22f4307ac0bfb909631882758816f7a",
  "pins" : [
    {
      "identity" : "googlemobileadsmediationinmobi",
      "kind" : "remoteSourceControl",
      "location" : "https://github.com/AnyMindG/GoogleMobileAdsMediationInMobi.git",
      "state" : {
        "revision" : "487a1885c0a3034769a3d7737f170c8ec9dc00d9",
        "version" : "1.2.0"
      }
    },
    {
      "identity" : "googlemobileadsmediationpangle",
      "kind" : "remoteSourceControl",
      "location" : "https://github.com/AnyMindG/GoogleMobileAdsMediationPangle.git",
      "state" : {
        "revision" : "04b6398082abdd61eb91e1470e94cd807c0712b9",
        "version" : "1.2.0"
      }
    },
    {
      "identity" : "inmobiadsdk",
      "kind" : "remoteSourceControl",
      "location" : "https://github.com/AnyMindG/InMobiAdSDK.git",
      "state" : {
        "revision" : "46276486eb4285a57cf397297a95eed55af4fc0d",
        "version" : "1.1.0"
      }
    },
    {
      "identity" : "pagadsdk",
      "kind" : "remoteSourceControl",
      "location" : "https://github.com/AnyMindG/PAGAdSDK.git",
      "state" : {
        "revision" : "0dfa3af5946073061a7e7e5dde816c4d00ee7698",
        "version" : "1.3.0"
      }
    },
    {
      "identity" : "swift-package-manager-google-mobile-ads",
      "kind" : "remoteSourceControl",
      "location" : "https://github.com/googleads/swift-package-manager-google-mobile-ads.git",
      "state" : {
        "revision" : "7778cc1ab037c10dbbe026959e51e616bd961be9",
        "version" : "11.13.0"
      }
    },
    {
      "identity" : "swift-package-manager-google-user-messaging-platform",
      "kind" : "remoteSourceControl",
      "location" : "https://github.com/googleads/swift-package-manager-google-user-messaging-platform.git",
      "state" : {
        "revision" : "708a282840c2171ee63bd93b87afa49fe507d70e",
        "version" : "2.7.0"
      }
    }
  ],
  "version" : 3
}
